{
  "name": "vite-comp-vue-runtime",
  "version": "1.0.0",
  "lockfileVersion": 1,
  "requires": true,
  "dependencies": {
    "@babel/helper-validator-identifier": {
      "version": "7.14.9",
      "resolved": "https://registry.nlark.com/@babel/helper-validator-identifier/download/@babel/helper-validator-identifier-7.14.9.tgz",
      "integrity": "sha1-ZlTRcbICT22O4VG/JQlpmRkTHUg="
    },
    "@babel/parser": {
      "version": "7.15.0",
      "resolved": "https://registry.nlark.com/@babel/parser/download/@babel/parser-7.15.0.tgz",
      "integrity": "sha1-ttbikFjKNpEnsO7KKhxLV5Txtrk="
    },
    "@babel/types": {
      "version": "7.15.0",
      "resolved": "https://registry.nlark.com/@babel/types/download/@babel/types-7.15.0.tgz?cache=0&sync_timestamp=1628111608723&other_urls=https%3A%2F%2Fregistry.nlark.com%2F%40babel%2Ftypes%2Fdownload%2F%40babel%2Ftypes-7.15.0.tgz",
      "integrity": "sha1-Ya8R8ihsTpxpyo3rX0N1pzxy3L0=",
      "requires": {
        "@babel/helper-validator-identifier": "^7.14.9",
        "to-fast-properties": "^2.0.0"
      }
    },
    "@types/node": {
      "version": "16.4.12",
      "resolved": "https://registry.nlark.com/@types/node/download/@types/node-16.4.12.tgz?cache=0&other_urls=https%3A%2F%2Fregistry.nlark.com%2F%40types%2Fnode%2Fdownload%2F%40types%2Fnode-16.4.12.tgz",
      "integrity": "sha1-lh4wkfJj5jRdLYSvq04EemC0sRs="
    },
    "@vue/compiler-core": {
      "version": "3.1.5",
      "resolved": "https://registry.nlark.com/@vue/compiler-core/download/@vue/compiler-core-3.1.5.tgz",
      "integrity": "sha1-KY+QW2Bl1tgf9jdW+Yxgh2s5PIc=",
      "requires": {
        "@babel/parser": "^7.12.0",
        "@babel/types": "^7.12.0",
        "@vue/shared": "3.1.5",
        "estree-walker": "^2.0.1",
        "source-map": "^0.6.1"
      }
    },
    "@vue/compiler-dom": {
      "version": "3.1.5",
      "resolved": "https://registry.nlark.com/@vue/compiler-dom/download/@vue/compiler-dom-3.1.5.tgz?cache=0&sync_timestamp=1628305989770&other_urls=https%3A%2F%2Fregistry.nlark.com%2F%40vue%2Fcompiler-dom%2Fdownload%2F%40vue%2Fcompiler-dom-3.1.5.tgz",
      "integrity": "sha1-y7lwIMYqX6o/vCqXkWvZgEGsmFY=",
      "requires": {
        "@vue/compiler-core": "3.1.5",
        "@vue/shared": "3.1.5"
      }
    },
    "@vue/reactivity": {
      "version": "3.1.5",
      "resolved": "https://registry.nlark.com/@vue/reactivity/download/@vue/reactivity-3.1.5.tgz?cache=0&sync_timestamp=1628305991337&other_urls=https%3A%2F%2Fregistry.nlark.com%2F%40vue%2Freactivity%2Fdownload%2F%40vue%2Freactivity-3.1.5.tgz",
      "integrity": "sha1-2+xNlVf3yPJcJjXbHiOninKeuZE=",
      "requires": {
        "@vue/shared": "3.1.5"
      }
    },
    "@vue/runtime-core": {
      "version": "3.1.5",
      "resolved": "https://registry.nlark.com/@vue/runtime-core/download/@vue/runtime-core-3.1.5.tgz?cache=0&sync_timestamp=1628305991370&other_urls=https%3A%2F%2Fregistry.nlark.com%2F%40vue%2Fruntime-core%2Fdownload%2F%40vue%2Fruntime-core-3.1.5.tgz",
      "integrity": "sha1-pUW38UYJKSnLXoM+hUORUPF6yHs=",
      "requires": {
        "@vue/reactivity": "3.1.5",
        "@vue/shared": "3.1.5"
      }
    },
    "@vue/runtime-dom": {
      "version": "3.1.5",
      "resolved": "https://registry.nlark.com/@vue/runtime-dom/download/@vue/runtime-dom-3.1.5.tgz?cache=0&sync_timestamp=1628305988353&other_urls=https%3A%2F%2Fregistry.nlark.com%2F%40vue%2Fruntime-dom%2Fdownload%2F%40vue%2Fruntime-dom-3.1.5.tgz",
      "integrity": "sha1-T6KJR9QIqjaPoX6g7cG+ua8UcqE=",
      "requires": {
        "@vue/runtime-core": "3.1.5",
        "@vue/shared": "3.1.5",
        "csstype": "^2.6.8"
      }
    },
    "@vue/shared": {
      "version": "3.1.5",
      "resolved": "https://registry.nlark.com/@vue/shared/download/@vue/shared-3.1.5.tgz",
      "integrity": "sha1-dO46rZldCjmWpruVM9TSgFFO3gM="
    },
    "colorette": {
      "version": "1.2.2",
      "resolved": "https://registry.npm.taobao.org/colorette/download/colorette-1.2.2.tgz?cache=0&sync_timestamp=1614259623635&other_urls=https%3A%2F%2Fregistry.npm.taobao.org%2Fcolorette%2Fdownload%2Fcolorette-1.2.2.tgz",
      "integrity": "sha1-y8x51emcrqLb8Q6zom/Ys+as+pQ="
    },
    "csstype": {
      "version": "2.6.17",
      "resolved": "https://registry.nlark.com/csstype/download/csstype-2.6.17.tgz",
      "integrity": "sha1-TPMOuH4dGgBdi2UQ+VKSQT9qHA4="
    },
    "esbuild": {
      "version": "0.12.18",
      "resolved": "https://registry.nlark.com/esbuild/download/esbuild-0.12.18.tgz",
      "integrity": "sha1-5dsWNyGIwrTTlff1X9reJ/ahGfo="
    },
    "estree-walker": {
      "version": "2.0.2",
      "resolved": "https://registry.npm.taobao.org/estree-walker/download/estree-walker-2.0.2.tgz",
      "integrity": "sha1-UvAQF4wqTBF6d1fP6UKtt9LaTKw="
    },
    "fsevents": {
      "version": "2.3.2",
      "resolved": "https://registry.npm.taobao.org/fsevents/download/fsevents-2.3.2.tgz",
      "integrity": "sha1-ilJveLj99GI7cJ4Ll1xSwkwC/Ro=",
      "optional": true
    },
    "function-bind": {
      "version": "1.1.1",
      "resolved": "https://registry.npm.taobao.org/function-bind/download/function-bind-1.1.1.tgz",
      "integrity": "sha1-pWiZ0+o8m6uHS7l3O3xe3pL0iV0="
    },
    "has": {
      "version": "1.0.3",
      "resolved": "https://registry.npm.taobao.org/has/download/has-1.0.3.tgz",
      "integrity": "sha1-ci18v8H2qoJB8W3YFOAR4fQeh5Y=",
      "requires": {
        "function-bind": "^1.1.1"
      }
    },
    "is-core-module": {
      "version": "2.5.0",
      "resolved": "https://registry.nlark.com/is-core-module/download/is-core-module-2.5.0.tgz?cache=0&sync_timestamp=1626158731691&other_urls=https%3A%2F%2Fregistry.nlark.com%2Fis-core-module%2Fdownload%2Fis-core-module-2.5.0.tgz",
      "integrity": "sha1-91SENhfHC/0pt72HMnQAzaXBhJE=",
      "requires": {
        "has": "^1.0.3"
      }
    },
    "nanoid": {
      "version": "3.1.23",
      "resolved": "https://registry.nlark.com/nanoid/download/nanoid-3.1.23.tgz",
      "integrity": "sha1-90QIbOfCvEfuCoRyV01ceOQYOoE="
    },
    "path-parse": {
      "version": "1.0.7",
      "resolved": "https://registry.nlark.com/path-parse/download/path-parse-1.0.7.tgz",
      "integrity": "sha1-+8EUtgykKzDZ2vWFjkvWi77bZzU="
    },
    "postcss": {
      "version": "8.3.6",
      "resolved": "https://registry.nlark.com/postcss/download/postcss-8.3.6.tgz?cache=0&sync_timestamp=1626882960231&other_urls=https%3A%2F%2Fregistry.nlark.com%2Fpostcss%2Fdownload%2Fpostcss-8.3.6.tgz",
      "integrity": "sha1-JzDddql5afN/U7mmCWGXvjEcxOo=",
      "requires": {
        "colorette": "^1.2.2",
        "nanoid": "^3.1.23",
        "source-map-js": "^0.6.2"
      }
    },
    "resolve": {
      "version": "1.20.0",
      "resolved": "https://registry.npm.taobao.org/resolve/download/resolve-1.20.0.tgz?cache=0&sync_timestamp=1613054822645&other_urls=https%3A%2F%2Fregistry.npm.taobao.org%2Fresolve%2Fdownload%2Fresolve-1.20.0.tgz",
      "integrity": "sha1-YpoBP7P3B1XW8LeTXMHCxTeLGXU=",
      "requires": {
        "is-core-module": "^2.2.0",
        "path-parse": "^1.0.6"
      }
    },
    "rollup": {
      "version": "2.56.0",
      "resolved": "https://registry.nlark.com/rollup/download/rollup-2.56.0.tgz",
      "integrity": "sha1-2qgylV0rWPHtUqPEyFt9GtrwdtA=",
      "requires": {
        "fsevents": "~2.3.2"
      }
    },
    "source-map": {
      "version": "0.6.1",
      "resolved": "https://registry.npm.taobao.org/source-map/download/source-map-0.6.1.tgz",
      "integrity": "sha1-dHIq8y6WFOnCh6jQu95IteLxomM="
    },
    "source-map-js": {
      "version": "0.6.2",
      "resolved": "https://registry.npm.taobao.org/source-map-js/download/source-map-js-0.6.2.tgz",
      "integrity": "sha1-C7XeYxtBz72mz7qL0FqA79/SOF4="
    },
    "to-fast-properties": {
      "version": "2.0.0",
      "resolved": "https://registry.npm.taobao.org/to-fast-properties/download/to-fast-properties-2.0.0.tgz",
      "integrity": "sha1-3F5pjL0HkmW8c+A3doGk5Og/YW4="
    },
    "typescript": {
      "version": "4.3.5",
      "resolved": "https://registry.nlark.com/typescript/download/typescript-4.3.5.tgz",
      "integrity": "sha1-TRw3zBbok5c8RaBohrcRMjTxGfQ="
    },
    "vite": {
      "version": "2.4.4",
      "resolved": "https://registry.nlark.com/vite/download/vite-2.4.4.tgz",
      "integrity": "sha1-jEAqB61F8Wj261Qovq048+Q2Pkc=",
      "requires": {
        "esbuild": "^0.12.8",
        "fsevents": "~2.3.2",
        "postcss": "^8.3.6",
        "resolve": "^1.20.0",
        "rollup": "^2.38.5"
      }
    },
    "vue": {
      "version": "3.1.5",
      "resolved": "https://registry.nlark.com/vue/download/vue-3.1.5.tgz?cache=0&other_urls=https%3A%2F%2Fregistry.nlark.com%2Fvue%2Fdownload%2Fvue-3.1.5.tgz",
      "integrity": "sha1-EoebEdBoXuRHjIhpVReZYwpS+f4=",
      "requires": {
        "@vue/compiler-dom": "3.1.5",
        "@vue/runtime-dom": "3.1.5",
        "@vue/shared": "3.1.5"
      }
    }
  }
}
