# THIS IS AN AUTOGENERATED FILE. DO NOT EDIT THIS FILE DIRECTLY.
# yarn lockfile v1


"@babel/helper-validator-identifier@^7.14.9":
  version "7.14.9"
  resolved "https://registry.nlark.com/@babel/helper-validator-identifier/download/@babel/helper-validator-identifier-7.14.9.tgz#6654d171b2024f6d8ee151bf2509699919131d48"
  integrity sha1-ZlTRcbICT22O4VG/JQlpmRkTHUg=

"@babel/parser@^7.12.0":
  version "7.15.0"
  resolved "https://registry.nlark.com/@babel/parser/download/@babel/parser-7.15.0.tgz#b6d6e29058ca369127b0eeca2a1c4b5794f1b6b9"
  integrity sha1-ttbikFjKNpEnsO7KKhxLV5Txtrk=

"@babel/types@^7.12.0":
  version "7.15.0"
  resolved "https://registry.nlark.com/@babel/types/download/@babel/types-7.15.0.tgz?cache=0&sync_timestamp=1628111608723&other_urls=https%3A%2F%2Fregistry.nlark.com%2F%40babel%2Ftypes%2Fdownload%2F%40babel%2Ftypes-7.15.0.tgz#61af11f2286c4e9c69ca8deb5f4375a73c72dcbd"
  integrity sha1-Ya8R8ihsTpxpyo3rX0N1pzxy3L0=
  dependencies:
    "@babel/helper-validator-identifier" "^7.14.9"
    to-fast-properties "^2.0.0"

"@types/node@^16.4.12":
  version "16.4.12"
  resolved "https://registry.nlark.com/@types/node/download/@types/node-16.4.12.tgz#961e3091f263e6345d2d84afab4e047a60b4b11b"
  integrity sha1-lh4wkfJj5jRdLYSvq04EemC0sRs=

"@vue/compiler-core@3.1.5":
  version "3.1.5"
  resolved "https://registry.nlark.com/@vue/compiler-core/download/@vue/compiler-core-3.1.5.tgz#298f905b6065d6d81ff63756f98c60876b393c87"
  integrity sha1-KY+QW2Bl1tgf9jdW+Yxgh2s5PIc=
  dependencies:
    "@babel/parser" "^7.12.0"
    "@babel/types" "^7.12.0"
    "@vue/shared" "3.1.5"
    estree-walker "^2.0.1"
    source-map "^0.6.1"

"@vue/compiler-dom@3.1.5":
  version "3.1.5"
  resolved "https://registry.nlark.com/@vue/compiler-dom/download/@vue/compiler-dom-3.1.5.tgz#cbb97020c62a5faa3fbc2a97916bd98041ac9856"
  integrity sha1-y7lwIMYqX6o/vCqXkWvZgEGsmFY=
  dependencies:
    "@vue/compiler-core" "3.1.5"
    "@vue/shared" "3.1.5"

"@vue/reactivity@3.1.5":
  version "3.1.5"
  resolved "https://registry.nlark.com/@vue/reactivity/download/@vue/reactivity-3.1.5.tgz#dbec4d9557f7c8f25c2635db1e23a78a729eb991"
  integrity sha1-2+xNlVf3yPJcJjXbHiOninKeuZE=
  dependencies:
    "@vue/shared" "3.1.5"

"@vue/runtime-core@3.1.5":
  version "3.1.5"
  resolved "https://registry.nlark.com/@vue/runtime-core/download/@vue/runtime-core-3.1.5.tgz#a545b7f146092929cb5e833e85439150f17ac87b"
  integrity sha1-pUW38UYJKSnLXoM+hUORUPF6yHs=
  dependencies:
    "@vue/reactivity" "3.1.5"
    "@vue/shared" "3.1.5"

"@vue/runtime-dom@3.1.5":
  version "3.1.5"
  resolved "https://registry.nlark.com/@vue/runtime-dom/download/@vue/runtime-dom-3.1.5.tgz#4fa28947d408aa368fa17ea0edc1beb9af1472a1"
  integrity sha1-T6KJR9QIqjaPoX6g7cG+ua8UcqE=
  dependencies:
    "@vue/runtime-core" "3.1.5"
    "@vue/shared" "3.1.5"
    csstype "^2.6.8"

"@vue/shared@3.1.5":
  version "3.1.5"
  resolved "https://registry.nlark.com/@vue/shared/download/@vue/shared-3.1.5.tgz#74ee3aad995d0a3996a6bb9533d4d280514ede03"
  integrity sha1-dO46rZldCjmWpruVM9TSgFFO3gM=

colorette@^1.2.2:
  version "1.2.2"
  resolved "https://registry.nlark.com/colorette/download/colorette-1.2.2.tgz#cbcc79d5e99caea2dbf10eb3a26fd8b3e6acfa94"
  integrity sha1-y8x51emcrqLb8Q6zom/Ys+as+pQ=

csstype@^2.6.8:
  version "2.6.17"
  resolved "https://registry.nlark.com/csstype/download/csstype-2.6.17.tgz#4cf30eb87e1d1a005d8b6510f95292413f6a1c0e"
  integrity sha1-TPMOuH4dGgBdi2UQ+VKSQT9qHA4=

esbuild@^0.12.8:
  version "0.12.17"
  resolved "https://registry.nlark.com/esbuild/download/esbuild-0.12.17.tgz#5816f905c2905de0ebbc658860df7b5b48afbcd3"
  integrity sha1-WBb5BcKQXeDrvGWIYN97W0ivvNM=

estree-walker@^2.0.1:
  version "2.0.2"
  resolved "https://registry.npm.taobao.org/estree-walker/download/estree-walker-2.0.2.tgz?cache=0&sync_timestamp=1611956983677&other_urls=https%3A%2F%2Fregistry.npm.taobao.org%2Festree-walker%2Fdownload%2Festree-walker-2.0.2.tgz#52f010178c2a4c117a7757cfe942adb7d2da4cac"
  integrity sha1-UvAQF4wqTBF6d1fP6UKtt9LaTKw=

fsevents@~2.3.2:
  version "2.3.2"
  resolved "https://registry.nlark.com/fsevents/download/fsevents-2.3.2.tgz#8a526f78b8fdf4623b709e0b975c52c24c02fd1a"
  integrity sha1-ilJveLj99GI7cJ4Ll1xSwkwC/Ro=

function-bind@^1.1.1:
  version "1.1.1"
  resolved "https://registry.npm.taobao.org/function-bind/download/function-bind-1.1.1.tgz#a56899d3ea3c9bab874bb9773b7c5ede92f4895d"
  integrity sha1-pWiZ0+o8m6uHS7l3O3xe3pL0iV0=

has@^1.0.3:
  version "1.0.3"
  resolved "https://registry.nlark.com/has/download/has-1.0.3.tgz#722d7cbfc1f6aa8241f16dd814e011e1f41e8796"
  integrity sha1-ci18v8H2qoJB8W3YFOAR4fQeh5Y=
  dependencies:
    function-bind "^1.1.1"

is-core-module@^2.2.0:
  version "2.5.0"
  resolved "https://registry.nlark.com/is-core-module/download/is-core-module-2.5.0.tgz#f754843617c70bfd29b7bd87327400cda5c18491"
  integrity sha1-91SENhfHC/0pt72HMnQAzaXBhJE=
  dependencies:
    has "^1.0.3"

nanoid@^3.1.23:
  version "3.1.23"
  resolved "https://registry.nlark.com/nanoid/download/nanoid-3.1.23.tgz#f744086ce7c2bc47ee0a8472574d5c78e4183a81"
  integrity sha1-90QIbOfCvEfuCoRyV01ceOQYOoE=

path-parse@^1.0.6:
  version "1.0.7"
  resolved "https://registry.nlark.com/path-parse/download/path-parse-1.0.7.tgz#fbc114b60ca42b30d9daf5858e4bd68bbedb6735"
  integrity sha1-+8EUtgykKzDZ2vWFjkvWi77bZzU=

postcss@^8.3.6:
  version "8.3.6"
  resolved "https://registry.nlark.com/postcss/download/postcss-8.3.6.tgz?cache=0&sync_timestamp=1626882960231&other_urls=https%3A%2F%2Fregistry.nlark.com%2Fpostcss%2Fdownload%2Fpostcss-8.3.6.tgz#2730dd76a97969f37f53b9a6096197be311cc4ea"
  integrity sha1-JzDddql5afN/U7mmCWGXvjEcxOo=
  dependencies:
    colorette "^1.2.2"
    nanoid "^3.1.23"
    source-map-js "^0.6.2"

resolve@^1.20.0:
  version "1.20.0"
  resolved "https://registry.nlark.com/resolve/download/resolve-1.20.0.tgz#629a013fb3f70755d6f0b7935cc1c2c5378b1975"
  integrity sha1-YpoBP7P3B1XW8LeTXMHCxTeLGXU=
  dependencies:
    is-core-module "^2.2.0"
    path-parse "^1.0.6"

rollup@^2.38.5:
  version "2.55.1"
  resolved "https://registry.nlark.com/rollup/download/rollup-2.55.1.tgz#66a444648e2fb603d8e329e77a61c608a6510fda"
  integrity sha1-ZqREZI4vtgPY4ynnemHGCKZRD9o=
  optionalDependencies:
    fsevents "~2.3.2"

source-map-js@^0.6.2:
  version "0.6.2"
  resolved "https://registry.nlark.com/source-map-js/download/source-map-js-0.6.2.tgz#0bb5de631b41cfbda6cfba8bd05a80efdfd2385e"
  integrity sha1-C7XeYxtBz72mz7qL0FqA79/SOF4=

source-map@^0.6.1:
  version "0.6.1"
  resolved "https://registry.nlark.com/source-map/download/source-map-0.6.1.tgz#74722af32e9614e9c287a8d0bbde48b5e2f1a263"
  integrity sha1-dHIq8y6WFOnCh6jQu95IteLxomM=

to-fast-properties@^2.0.0:
  version "2.0.0"
  resolved "https://registry.nlark.com/to-fast-properties/download/to-fast-properties-2.0.0.tgz#dc5e698cbd079265bc73e0377681a4e4e83f616e"
  integrity sha1-3F5pjL0HkmW8c+A3doGk5Og/YW4=

typescript@^4.3.5:
  version "4.3.5"
  resolved "https://registry.nlark.com/typescript/download/typescript-4.3.5.tgz#4d1c37cc16e893973c45a06886b7113234f119f4"
  integrity sha1-TRw3zBbok5c8RaBohrcRMjTxGfQ=

vite@^2.4.4:
  version "2.4.4"
  resolved "https://registry.nlark.com/vite/download/vite-2.4.4.tgz#8c402a07ad45f168f6eb5428bead38f3e4363e47"
  integrity sha1-jEAqB61F8Wj261Qovq048+Q2Pkc=
  dependencies:
    esbuild "^0.12.8"
    postcss "^8.3.6"
    resolve "^1.20.0"
    rollup "^2.38.5"
  optionalDependencies:
    fsevents "~2.3.2"

vue@^3.1.5:
  version "3.1.5"
  resolved "https://registry.nlark.com/vue/download/vue-3.1.5.tgz#12879b11d0685ee4478c8869551799630a52f9fe"
  integrity sha1-EoebEdBoXuRHjIhpVReZYwpS+f4=
  dependencies:
    "@vue/compiler-dom" "3.1.5"
    "@vue/runtime-dom" "3.1.5"
    "@vue/shared" "3.1.5"
