# THIS IS AN AUTOGENERATED FILE. DO NOT EDIT THIS FILE DIRECTLY.
# yarn lockfile v1


"@types/highlight.js@^9.7.0":
  version "9.12.4"
  resolved "https://registry.npm.taobao.org/@types/highlight.js/download/@types/highlight.js-9.12.4.tgz#8c3496bd1b50cc04aeefd691140aa571d4dbfa34"
  integrity sha1-jDSWvRtQzASu79aRFAqlcdTb+jQ=

"@types/linkify-it@*":
  version "3.0.2"
  resolved "https://registry.nlark.com/@types/linkify-it/download/@types/linkify-it-3.0.2.tgz#fd2cd2edbaa7eaac7e7f3c1748b52a19143846c9"
  integrity sha1-/SzS7bqn6qx+fzwXSLUqGRQ4Rsk=

"@types/lru-cache@^5.1.1":
  version "5.1.1"
  resolved "https://registry.nlark.com/@types/lru-cache/download/@types/lru-cache-5.1.1.tgz#c48c2e27b65d2a153b19bfc1a317e30872e01eef"
  integrity sha1-xIwuJ7ZdKhU7Gb/BoxfjCHLgHu8=

"@types/markdown-it@^12.0.3":
  version "12.0.3"
  resolved "https://registry.nlark.com/@types/markdown-it/download/@types/markdown-it-12.0.3.tgz#60a09363bebbd780fac815442b47d80f1a17bef1"
  integrity sha1-YKCTY76714D6yBVEK0fYDxoXvvE=
  dependencies:
    "@types/highlight.js" "^9.7.0"
    "@types/linkify-it" "*"
    "@types/mdurl" "*"

"@types/mdurl@*":
  version "1.0.2"
  resolved "https://registry.nlark.com/@types/mdurl/download/@types/mdurl-1.0.2.tgz#e2ce9d83a613bacf284c7be7d491945e39e1f8e9"
  integrity sha1-4s6dg6YTus8oTHvn1JGUXjnh+Ok=

"@types/node@^16.4.12":
  version "16.4.12"
  resolved "https://registry.nlark.com/@types/node/download/@types/node-16.4.12.tgz#961e3091f263e6345d2d84afab4e047a60b4b11b"
  integrity sha1-lh4wkfJj5jRdLYSvq04EemC0sRs=

ansi-styles@^4.1.0:
  version "4.3.0"
  resolved "https://registry.nlark.com/ansi-styles/download/ansi-styles-4.3.0.tgz#edd803628ae71c04c85ae7a0906edad34b648937"
  integrity sha1-7dgDYornHATIWuegkG7a00tkiTc=
  dependencies:
    color-convert "^2.0.1"

argparse@^1.0.7:
  version "1.0.10"
  resolved "https://registry.nlark.com/argparse/download/argparse-1.0.10.tgz#bcd6791ea5ae09725e17e5ad988134cd40b3d911"
  integrity sha1-vNZ5HqWuCXJeF+WtmIE0zUCz2RE=
  dependencies:
    sprintf-js "~1.0.2"

argparse@^2.0.1:
  version "2.0.1"
  resolved "https://registry.nlark.com/argparse/download/argparse-2.0.1.tgz#246f50f3ca78a3240f6c997e8a9bd1eac49e4b38"
  integrity sha1-JG9Q88p4oyQPbJl+ipvR6sSeSzg=

chalk@^4.1.2:
  version "4.1.2"
  resolved "https://registry.nlark.com/chalk/download/chalk-4.1.2.tgz#aac4e2b7734a740867aeb16bf02aad556a1e7a01"
  integrity sha1-qsTit3NKdAhnrrFr8CqtVWoeegE=
  dependencies:
    ansi-styles "^4.1.0"
    supports-color "^7.1.0"

color-convert@^2.0.1:
  version "2.0.1"
  resolved "https://registry.npm.taobao.org/color-convert/download/color-convert-2.0.1.tgz#72d3a68d598c9bdb3af2ad1e84f21d896abd4de3"
  integrity sha1-ctOmjVmMm9s68q0ehPIdiWq9TeM=
  dependencies:
    color-name "~1.1.4"

color-name@~1.1.4:
  version "1.1.4"
  resolved "https://registry.nlark.com/color-name/download/color-name-1.1.4.tgz#c2a09a87acbde69543de6f63fa3995c826c536a2"
  integrity sha1-wqCah6y95pVD3m9j+jmVyCbFNqI=

colorette@^1.2.2:
  version "1.2.2"
  resolved "https://registry.nlark.com/colorette/download/colorette-1.2.2.tgz#cbcc79d5e99caea2dbf10eb3a26fd8b3e6acfa94"
  integrity sha1-y8x51emcrqLb8Q6zom/Ys+as+pQ=

entities@~2.1.0:
  version "2.1.0"
  resolved "https://registry.npm.taobao.org/entities/download/entities-2.1.0.tgz#992d3129cf7df6870b96c57858c249a120f8b8b5"
  integrity sha1-mS0xKc999ocLlsV4WMJJoSD4uLU=

esbuild@^0.12.8:
  version "0.12.18"
  resolved "https://registry.nlark.com/esbuild/download/esbuild-0.12.18.tgz?cache=0&sync_timestamp=1628141400426&other_urls=https%3A%2F%2Fregistry.nlark.com%2Fesbuild%2Fdownload%2Fesbuild-0.12.18.tgz#e5db16372188c2b4d395f7f55fdade27f6a119fa"
  integrity sha1-5dsWNyGIwrTTlff1X9reJ/ahGfo=

esprima@^4.0.0:
  version "4.0.1"
  resolved "https://registry.nlark.com/esprima/download/esprima-4.0.1.tgz#13b04cdb3e6c5d19df91ab6987a8695619b0aa71"
  integrity sha1-E7BM2z5sXRnfkatph6hpVhmwqnE=

extend-shallow@^2.0.1:
  version "2.0.1"
  resolved "https://registry.nlark.com/extend-shallow/download/extend-shallow-2.0.1.tgz#51af7d614ad9a9f610ea1bafbb989d6b1c56890f"
  integrity sha1-Ua99YUrZqfYQ6huvu5idaxxWiQ8=
  dependencies:
    is-extendable "^0.1.0"

fsevents@~2.3.2:
  version "2.3.2"
  resolved "https://registry.nlark.com/fsevents/download/fsevents-2.3.2.tgz#8a526f78b8fdf4623b709e0b975c52c24c02fd1a"
  integrity sha1-ilJveLj99GI7cJ4Ll1xSwkwC/Ro=

function-bind@^1.1.1:
  version "1.1.1"
  resolved "https://registry.npm.taobao.org/function-bind/download/function-bind-1.1.1.tgz#a56899d3ea3c9bab874bb9773b7c5ede92f4895d"
  integrity sha1-pWiZ0+o8m6uHS7l3O3xe3pL0iV0=

gray-matter@^4.0.3:
  version "4.0.3"
  resolved "https://registry.nlark.com/gray-matter/download/gray-matter-4.0.3.tgz#e893c064825de73ea1f5f7d88c7a9f7274288798"
  integrity sha1-6JPAZIJd5z6h9ffYjHqfcnQoh5g=
  dependencies:
    js-yaml "^3.13.1"
    kind-of "^6.0.2"
    section-matter "^1.0.0"
    strip-bom-string "^1.0.0"

has-flag@^4.0.0:
  version "4.0.0"
  resolved "https://registry.nlark.com/has-flag/download/has-flag-4.0.0.tgz#944771fd9c81c81265c4d6941860da06bb59479b"
  integrity sha1-lEdx/ZyByBJlxNaUGGDaBrtZR5s=

has@^1.0.3:
  version "1.0.3"
  resolved "https://registry.nlark.com/has/download/has-1.0.3.tgz#722d7cbfc1f6aa8241f16dd814e011e1f41e8796"
  integrity sha1-ci18v8H2qoJB8W3YFOAR4fQeh5Y=
  dependencies:
    function-bind "^1.1.1"

is-core-module@^2.2.0:
  version "2.5.0"
  resolved "https://registry.nlark.com/is-core-module/download/is-core-module-2.5.0.tgz#f754843617c70bfd29b7bd87327400cda5c18491"
  integrity sha1-91SENhfHC/0pt72HMnQAzaXBhJE=
  dependencies:
    has "^1.0.3"

is-extendable@^0.1.0:
  version "0.1.1"
  resolved "https://registry.npm.taobao.org/is-extendable/download/is-extendable-0.1.1.tgz#62b110e289a471418e3ec36a617d472e301dfc89"
  integrity sha1-YrEQ4omkcUGOPsNqYX1HLjAd/Ik=

js-yaml@^3.13.1:
  version "3.14.1"
  resolved "https://registry.npm.taobao.org/js-yaml/download/js-yaml-3.14.1.tgz?cache=0&sync_timestamp=1618435004368&other_urls=https%3A%2F%2Fregistry.npm.taobao.org%2Fjs-yaml%2Fdownload%2Fjs-yaml-3.14.1.tgz#dae812fdb3825fa306609a8717383c50c36a0537"
  integrity sha1-2ugS/bOCX6MGYJqHFzg8UMNqBTc=
  dependencies:
    argparse "^1.0.7"
    esprima "^4.0.0"

kind-of@^6.0.0, kind-of@^6.0.2:
  version "6.0.3"
  resolved "https://registry.nlark.com/kind-of/download/kind-of-6.0.3.tgz#07c05034a6c349fa06e24fa35aa76db4580ce4dd"
  integrity sha1-B8BQNKbDSfoG4k+jWqdttFgM5N0=

linkify-it@^3.0.1:
  version "3.0.2"
  resolved "https://registry.npm.taobao.org/linkify-it/download/linkify-it-3.0.2.tgz#f55eeb8bc1d3ae754049e124ab3bb56d97797fb8"
  integrity sha1-9V7ri8HTrnVASeEkqzu1bZd5f7g=
  dependencies:
    uc.micro "^1.0.1"

lru-cache@^6.0.0:
  version "6.0.0"
  resolved "https://registry.nlark.com/lru-cache/download/lru-cache-6.0.0.tgz#6d6fe6570ebd96aaf90fcad1dafa3b2566db3a94"
  integrity sha1-bW/mVw69lqr5D8rR2vo7JWbbOpQ=
  dependencies:
    yallist "^4.0.0"

markdown-it-anchor@^8.1.2:
  version "8.1.2"
  resolved "https://registry.nlark.com/markdown-it-anchor/download/markdown-it-anchor-8.1.2.tgz?cache=0&sync_timestamp=1627041660180&other_urls=https%3A%2F%2Fregistry.nlark.com%2Fmarkdown-it-anchor%2Fdownload%2Fmarkdown-it-anchor-8.1.2.tgz#1f26b102005cb7750d5159d06ba3cfa9400ebc3d"
  integrity sha1-HyaxAgBct3UNUVnQa6PPqUAOvD0=

markdown-it-emoji@^2.0.0:
  version "2.0.0"
  resolved "https://registry.npm.taobao.org/markdown-it-emoji/download/markdown-it-emoji-2.0.0.tgz#3164ad4c009efd946e98274f7562ad611089a231"
  integrity sha1-MWStTACe/ZRumCdPdWKtYRCJojE=

markdown-it-table-of-contents@^0.5.2:
  version "0.5.2"
  resolved "https://registry.npm.taobao.org/markdown-it-table-of-contents/download/markdown-it-table-of-contents-0.5.2.tgz#2f941d386c277887910f2c7a8a16f5a17acb829c"
  integrity sha1-L5QdOGwneIeRDyx6ihb1oXrLgpw=

markdown-it@^12.2.0:
  version "12.2.0"
  resolved "https://registry.nlark.com/markdown-it/download/markdown-it-12.2.0.tgz?cache=0&sync_timestamp=1627928755354&other_urls=https%3A%2F%2Fregistry.nlark.com%2Fmarkdown-it%2Fdownload%2Fmarkdown-it-12.2.0.tgz#091f720fd5db206f80de7a8d1f1a7035fd0d38db"
  integrity sha1-CR9yD9XbIG+A3nqNHxpwNf0NONs=
  dependencies:
    argparse "^2.0.1"
    entities "~2.1.0"
    linkify-it "^3.0.1"
    mdurl "^1.0.1"
    uc.micro "^1.0.5"

mdurl@^1.0.1:
  version "1.0.1"
  resolved "https://registry.npm.taobao.org/mdurl/download/mdurl-1.0.1.tgz#fe85b2ec75a59037f2adfec100fd6c601761152e"
  integrity sha1-/oWy7HWlkDfyrf7BAP1sYBdhFS4=

nanoid@^3.1.23:
  version "3.1.23"
  resolved "https://registry.nlark.com/nanoid/download/nanoid-3.1.23.tgz#f744086ce7c2bc47ee0a8472574d5c78e4183a81"
  integrity sha1-90QIbOfCvEfuCoRyV01ceOQYOoE=

path-parse@^1.0.6:
  version "1.0.7"
  resolved "https://registry.nlark.com/path-parse/download/path-parse-1.0.7.tgz#fbc114b60ca42b30d9daf5858e4bd68bbedb6735"
  integrity sha1-+8EUtgykKzDZ2vWFjkvWi77bZzU=

postcss@^8.3.6:
  version "8.3.6"
  resolved "https://registry.nlark.com/postcss/download/postcss-8.3.6.tgz?cache=0&sync_timestamp=1626882960231&other_urls=https%3A%2F%2Fregistry.nlark.com%2Fpostcss%2Fdownload%2Fpostcss-8.3.6.tgz#2730dd76a97969f37f53b9a6096197be311cc4ea"
  integrity sha1-JzDddql5afN/U7mmCWGXvjEcxOo=
  dependencies:
    colorette "^1.2.2"
    nanoid "^3.1.23"
    source-map-js "^0.6.2"

resolve@^1.20.0:
  version "1.20.0"
  resolved "https://registry.nlark.com/resolve/download/resolve-1.20.0.tgz#629a013fb3f70755d6f0b7935cc1c2c5378b1975"
  integrity sha1-YpoBP7P3B1XW8LeTXMHCxTeLGXU=
  dependencies:
    is-core-module "^2.2.0"
    path-parse "^1.0.6"

rollup@^2.38.5:
  version "2.56.0"
  resolved "https://registry.nlark.com/rollup/download/rollup-2.56.0.tgz#daa832955d2b58f1ed52a3c4c85b7d1adaf076d0"
  integrity sha1-2qgylV0rWPHtUqPEyFt9GtrwdtA=
  optionalDependencies:
    fsevents "~2.3.2"

section-matter@^1.0.0:
  version "1.0.0"
  resolved "https://registry.npm.taobao.org/section-matter/download/section-matter-1.0.0.tgz#e9041953506780ec01d59f292a19c7b850b84167"
  integrity sha1-6QQZU1BngOwB1Z8pKhnHuFC4QWc=
  dependencies:
    extend-shallow "^2.0.1"
    kind-of "^6.0.0"

source-map-js@^0.6.2:
  version "0.6.2"
  resolved "https://registry.nlark.com/source-map-js/download/source-map-js-0.6.2.tgz#0bb5de631b41cfbda6cfba8bd05a80efdfd2385e"
  integrity sha1-C7XeYxtBz72mz7qL0FqA79/SOF4=

sprintf-js@~1.0.2:
  version "1.0.3"
  resolved "https://registry.nlark.com/sprintf-js/download/sprintf-js-1.0.3.tgz?cache=0&sync_timestamp=1618847174560&other_urls=https%3A%2F%2Fregistry.nlark.com%2Fsprintf-js%2Fdownload%2Fsprintf-js-1.0.3.tgz#04e6926f662895354f3dd015203633b857297e2c"
  integrity sha1-BOaSb2YolTVPPdAVIDYzuFcpfiw=

strip-bom-string@^1.0.0:
  version "1.0.0"
  resolved "https://registry.npm.taobao.org/strip-bom-string/download/strip-bom-string-1.0.0.tgz#e5211e9224369fbb81d633a2f00044dc8cedad92"
  integrity sha1-5SEekiQ2n7uB1jOi8ABE3IztrZI=

supports-color@^7.1.0:
  version "7.2.0"
  resolved "https://registry.nlark.com/supports-color/download/supports-color-7.2.0.tgz?cache=0&sync_timestamp=1626703414084&other_urls=https%3A%2F%2Fregistry.nlark.com%2Fsupports-color%2Fdownload%2Fsupports-color-7.2.0.tgz#1b7dcdcb32b8138801b3e478ba6a51caa89648da"
  integrity sha1-G33NyzK4E4gBs+R4umpRyqiWSNo=
  dependencies:
    has-flag "^4.0.0"

uc.micro@^1.0.1, uc.micro@^1.0.5:
  version "1.0.6"
  resolved "https://registry.nlark.com/uc.micro/download/uc.micro-1.0.6.tgz#9c411a802a409a91fc6cf74081baba34b24499ac"
  integrity sha1-nEEagCpAmpH8bPdAgbq6NLJEmaw=

vite@^2.4.4:
  version "2.4.4"
  resolved "https://registry.nlark.com/vite/download/vite-2.4.4.tgz#8c402a07ad45f168f6eb5428bead38f3e4363e47"
  integrity sha1-jEAqB61F8Wj261Qovq048+Q2Pkc=
  dependencies:
    esbuild "^0.12.8"
    postcss "^8.3.6"
    resolve "^1.20.0"
    rollup "^2.38.5"
  optionalDependencies:
    fsevents "~2.3.2"

yallist@^4.0.0:
  version "4.0.0"
  resolved "https://registry.npm.taobao.org/yallist/download/yallist-4.0.0.tgz#9bb92790d9c0effec63be73519e11a35019a3a72"
  integrity sha1-m7knkNnA7/7GO+c1GeEaNQGaOnI=
